<?xml version="1.0" encoding="utf-8"?>
<Project ToolsVersion="4.0" xmlns="http://schemas.microsoft.com/developer/msbuild/2003">
  <ItemGroup>
    <Filter Include="Source Files">
      <UniqueIdentifier>{4FC737F1-C7A5-4376-A066-2A32D752A2FF}</UniqueIdentifier>
      <Extensions>cpp;c;cc;cxx;def;odl;idl;hpj;bat;asm;asmx</Extensions>
    </Filter>
    <Filter Include="Header Files">
      <UniqueIdentifier>{93995380-89BD-4b04-88EB-625FBE52EBFB}</UniqueIdentifier>
      <Extensions>h;hh;hpp;hxx;hm;inl;inc;xsd</Extensions>
    </Filter>
    <Filter Include="Resource Files">
      <UniqueIdentifier>{67DA6AB6-F800-4c08-8B7A-83BB121AAD01}</UniqueIdentifier>
      <Extensions>rc;ico;cur;bmp;dlg;rc2;rct;bin;rgs;gif;jpg;jpeg;jpe;resx;tiff;tif;png;wav;mfcribbon-ms</Extensions>
    </Filter>
  </ItemGroup>
  <ItemGroup>
    <ClCompile Include="Server.cpp">
      <Filter>Source Files</Filter>
    </ClCompile>
    <ClCompile Include="ServerMT.cpp">
      <Filter>Source Files</Filter>
    </ClCompile>
    <ClCompile Include="Socket.cpp">
      <Filter>Source Files</Filter>
    </ClCompile>
    <ClCompile Include="SocketRW.cpp">
      <Filter>Source Files</Filter>
    </ClCompile>
    <ClCompile Include="NetworkException.cpp">
      <Filter>Source Files</Filter>
    </ClCompile>
    <ClCompile Include="NetworkObject.cpp">
      <Filter>Source Files</Filter>
    </ClCompile>
    <ClCompile Include="SpeedLimit.cpp">
      <Filter>Source Files</Filter>
    </ClCompile>
    <ClCompile Include="Timer.cpp">
      <Filter>Source Files</Filter>
    </ClCompile>
    <ClCompile Include="Logger.cpp">
      <Filter>Source Files</Filter>
    </ClCompile>
    <ClCompile Include="Random.cpp">
      <Filter>Source Files</Filter>
    </ClCompile>
    <ClCompile Include="Tag.cpp">
      <Filter>Source Files</Filter>
    </ClCompile>
    <ClCompile Include="Exception.cpp">
      <Filter>Source Files</Filter>
    </ClCompile>
    <ClCompile Include="Waitable.cpp">
      <Filter>Source Files</Filter>
    </ClCompile>
    <ClCompile Include="Test\Test.cpp">
      <Filter>Source Files</Filter>
    </ClCompile>
    <ClCompile Include="Endian.cpp">
      <Filter>Source Files</Filter>
    </ClCompile>
    <ClCompile Include="SecureHelpers.cpp">
      <Filter>Source Files</Filter>
    </ClCompile>
  </ItemGroup>
  <ItemGroup>
    <ClInclude Include="Server.hpp">
      <Filter>Header Files</Filter>
    </ClInclude>
    <ClInclude Include="ServerMT.hpp">
      <Filter>Header Files</Filter>
    </ClInclude>
    <ClInclude Include="Socket.hpp">
      <Filter>Header Files</Filter>
    </ClInclude>
    <ClInclude Include="SocketRW.hpp">
      <Filter>Header Files</Filter>
    </ClInclude>
    <ClInclude Include="Error.hpp">
      <Filter>Header Files</Filter>
    </ClInclude>
    <ClInclude Include="exception.hpp">
      <Filter>Header Files</Filter>
    </ClInclude>
    <ClInclude Include="Filter.hpp">
      <Filter>Header Files</Filter>
    </ClInclude>
    <ClInclude Include="FilterGroup.hpp">
      <Filter>Header Files</Filter>
    </ClInclude>
    <ClInclude Include="IServerListener.hpp">
      <Filter>Header Files</Filter>
    </ClInclude>
    <ClInclude Include="NetworkException.hpp">
      <Filter>Header Files</Filter>
    </ClInclude>
    <ClInclude Include="NetworkObject.hpp">
      <Filter>Header Files</Filter>
    </ClInclude>
    <ClInclude Include="NoCopyMove.hpp">
      <Filter>Header Files</Filter>
    </ClInclude>
    <ClInclude Include="OSInclude.hpp">
      <Filter>Header Files</Filter>
    </ClInclude>
    <ClInclude Include="SpeedLimit.hpp">
      <Filter>Header Files</Filter>
    </ClInclude>
    <ClInclude Include="Timer.hpp">
      <Filter>Header Files</Filter>
    </ClInclude>
    <ClInclude Include="Logger.hpp">
      <Filter>Header Files</Filter>
    </ClInclude>
    <ClInclude Include="Random.hpp">
      <Filter>Header Files</Filter>
    </ClInclude>
    <ClInclude Include="Reader.hpp">
      <Filter>Header Files</Filter>
    </ClInclude>
    <ClInclude Include="StreamHelpers.hpp">
      <Filter>Header Files</Filter>
    </ClInclude>
    <ClInclude Include="StringHelpers.hpp">
      <Filter>Header Files</Filter>
    </ClInclude>
    <ClInclude Include="Writer.hpp">
      <Filter>Header Files</Filter>
    </ClInclude>
    <ClInclude Include="ChronoString.hpp">
      <Filter>Header Files</Filter>
    </ClInclude>
    <ClInclude Include="ThreadString.hpp">
      <Filter>Header Files</Filter>
    </ClInclude>
    <ClInclude Include="Tag.hpp">
      <Filter>Header Files</Filter>
    </ClInclude>
    <ClInclude Include="Color.hpp">
      <Filter>Header Files</Filter>
    </ClInclude>
    <ClInclude Include="Waitable.hpp">
      <Filter>Header Files</Filter>
    </ClInclude>
    <ClInclude Include="LogAdaptor.hpp">
      <Filter>Header Files</Filter>
    </ClInclude>
    <ClInclude Include="Timeout.hpp">
      <Filter>Header Files</Filter>
    </ClInclude>
    <ClInclude Include="Memory.hpp">
      <Filter>Header Files</Filter>
    </ClInclude>
    <ClInclude Include="Memory_impl.hpp">
      <Filter>Header Files</Filter>
    </ClInclude>
    <ClInclude Include="LockBox.hpp">
      <Filter>Header Files</Filter>
    </ClInclude>
    <ClInclude Include="LockBox_Impl.hpp">
      <Filter>Header Files</Filter>
    </ClInclude>
    <ClInclude Include="MasterLock.hpp">
      <Filter>Header Files</Filter>
    </ClInclude>
    <ClInclude Include="MasterLock_Impl.hpp">
      <Filter>Header Files</Filter>
    </ClInclude>
    <ClInclude Include="WaitTimeLock_Impl.hpp">
      <Filter>Header Files</Filter>
    </ClInclude>
    <ClInclude Include="ScopeLock.hpp">
      <Filter>Header Files</Filter>
    </ClInclude>
    <ClInclude Include="ScopeLock_Impl.hpp">
      <Filter>Header Files</Filter>
    </ClInclude>
    <ClInclude Include="AESFilter.hpp">
      <Filter>Header Files</Filter>
    </ClInclude>
    <ClInclude Include="Endian.hpp">
      <Filter>Header Files</Filter>
    </ClInclude>
    <ClInclude Include="IEncryptor.hpp">
      <Filter>Header Files</Filter>
    </ClInclude>
    <ClInclude Include="ListHelpers.hpp">
      <Filter>Header Files</Filter>
    </ClInclude>
    <ClInclude Include="RSAExchange.hpp">
      <Filter>Header Files</Filter>
    </ClInclude>
    <ClInclude Include="RSAFilter.hpp">
      <Filter>Header Files</Filter>
    </ClInclude>
    <ClInclude Include="SecureHelpers.hpp">
      <Filter>Header Files</Filter>
    </ClInclude>
  </ItemGroup>
</Project>